
Microsoft Visual Studio Solution File, Format Version 12.00
# Visual Studio Version 17
VisualStudioVersion = 17.10.35027.167
MinimumVisualStudioVersion = 10.0.40219.1
Project("{8BC9CEB8-8B4A-11D0-8D11-00A0C91BC942}") = "01.C++Basic", "01.C++Basic\01.C++Basic.vcxproj", "{64FC0756-59E4-4211-8C49-FD88B8B8D1B3}"
EndProject
Project("{8BC9CEB8-8B4A-11D0-8D11-00A0C91BC942}") = "01-01.Memory", "01-01.Memory\01-01.Memory.vcxproj", "{C7576D7D-1D2F-4EF0-9769-98185A712839}"
EndProject
Project("{8BC9CEB8-8B4A-11D0-8D11-00A0C91BC942}") = "01-02.String", "01-02.String\01-02.String.vcxproj", "{481D3105-9B54-419A-B2E1-EDB236E608C2}"
EndProject
Project("{8BC9CEB8-8B4A-11D0-8D11-00A0C91BC942}") = "01-03.Class", "01-03.Class\01-03.Class.vcxproj", "{922A63C7-6E3A-41B3-8069-5D88B669C385}"
EndProject
Project("{8BC9CEB8-8B4A-11D0-8D11-00A0C91BC942}") = "01-04.Class2", "01-04.Class2\01-04.Class2.vcxproj", "{B3BA594E-65F7-4225-9AF0-5220551CEA45}"
EndProject
Project("{8BC9CEB8-8B4A-11D0-8D11-00A0C91BC942}") = "01-05.Template", "01-05.Template\01-05.Template.vcxproj", "{4BB6EB49-CC85-45F5-8F98-F2B95AE33F6A}"
EndProject
Project("{8BC9CEB8-8B4A-11D0-8D11-00A0C91BC942}") = "01-06.Container", "01-06.Container\01-06.Container.vcxproj", "{C054CC56-10C2-49CE-A6BD-6FC0058A3181}"
EndProject
Project("{8BC9CEB8-8B4A-11D0-8D11-00A0C91BC942}") = "01-07.Vector", "01-07.Vector\01-07.Vector.vcxproj", "{57ECC191-D126-4CD7-98AF-191D9D57A848}"
EndProject
Project("{8BC9CEB8-8B4A-11D0-8D11-00A0C91BC942}") = "01-08.ErrorHandling", "01-08.ErrorHandling\01-08.ErrorHandling.vcxproj", "{8F7FFF7E-CF65-4303-AA04-A6B4570946F4}"
EndProject
Project("{8BC9CEB8-8B4A-11D0-8D11-00A0C91BC942}") = "01-09.FileO", "01-09.FileO\01-09.FileO.vcxproj", "{C570E32C-DA00-4D16-B0A4-568F0A246A2F}"
EndProject
Project("{8BC9CEB8-8B4A-11D0-8D11-00A0C91BC942}") = "01-10.set", "01-10.set\01-10.set.vcxproj", "{CF001577-6651-4758-918A-30C9D513027B}"
EndProject
Project("{8BC9CEB8-8B4A-11D0-8D11-00A0C91BC942}") = "01-11.Pool", "01-11.Pool\01-11.Pool.vcxproj", "{9C8E308E-6C92-4E60-9D07-7F9744026A22}"
EndProject
Project("{8BC9CEB8-8B4A-11D0-8D11-00A0C91BC942}") = "02.UserManagementProgram", "02.UserManagementProgram\02.UserManagementProgram.vcxproj", "{3A19A2CE-DE65-4537-9F67-A28F2CFC92FF}"
EndProject
Project("{8BC9CEB8-8B4A-11D0-8D11-00A0C91BC942}") = "03.LibraryUser", "03.LibraryUser\03.LibraryUser.vcxproj", "{9242407A-2C3C-483C-A8C5-4C337696698D}"
EndProject
Project("{8BC9CEB8-8B4A-11D0-8D11-00A0C91BC942}") = "03-01.StaticLibrary", "03-01.StaticLibrary\03-01.StaticLibrary.vcxproj", "{DD5E6169-EF48-4F46-A85E-61548F12DC2B}"
EndProject
Project("{8BC9CEB8-8B4A-11D0-8D11-00A0C91BC942}") = "03-02.StaticLibraryImport", "03-02.StaticLibraryImport\03-02.StaticLibraryImport.vcxproj", "{76EB03E3-0986-4115-B22D-93445FC9C387}"
EndProject
Project("{8BC9CEB8-8B4A-11D0-8D11-00A0C91BC942}") = "03-03.StaticLibraryImport2", "03-03.StaticLibraryImport2\03-03.StaticLibraryImport2.vcxproj", "{1E78A244-C87D-478C-AECD-6715F7C24258}"
EndProject
Project("{8BC9CEB8-8B4A-11D0-8D11-00A0C91BC942}") = "03-04.DLL", "03-04.DLL\03-04.DLL.vcxproj", "{55E5BDD1-5F17-4F5C-B96E-A2B20CE0DA3F}"
EndProject
Project("{8BC9CEB8-8B4A-11D0-8D11-00A0C91BC942}") = "03-05.DLLImport", "03-05.DLLImport\03-05.DLLImport.vcxproj", "{FEE3D39A-46AB-4F4F-AF2D-7222E74DB46E}"
EndProject
Project("{8BC9CEB8-8B4A-11D0-8D11-00A0C91BC942}") = "UserManagementProgram_staticlibrary", "UserManagementProgram_staticlibrary\UserManagementProgram_staticlibrary.vcxproj", "{878A6D60-FC67-4580-82FE-7AB572909067}"
EndProject
Global
	GlobalSection(SolutionConfigurationPlatforms) = preSolution
		Debug|x64 = Debug|x64
		Debug|x86 = Debug|x86
		Release|x64 = Release|x64
		Release|x86 = Release|x86
	EndGlobalSection
	GlobalSection(ProjectConfigurationPlatforms) = postSolution
		{64FC0756-59E4-4211-8C49-FD88B8B8D1B3}.Debug|x64.ActiveCfg = Debug|x64
		{64FC0756-59E4-4211-8C49-FD88B8B8D1B3}.Debug|x64.Build.0 = Debug|x64
		{64FC0756-59E4-4211-8C49-FD88B8B8D1B3}.Debug|x86.ActiveCfg = Debug|Win32
		{64FC0756-59E4-4211-8C49-FD88B8B8D1B3}.Debug|x86.Build.0 = Debug|Win32
		{64FC0756-59E4-4211-8C49-FD88B8B8D1B3}.Release|x64.ActiveCfg = Release|x64
		{64FC0756-59E4-4211-8C49-FD88B8B8D1B3}.Release|x64.Build.0 = Release|x64
		{64FC0756-59E4-4211-8C49-FD88B8B8D1B3}.Release|x86.ActiveCfg = Release|Win32
		{64FC0756-59E4-4211-8C49-FD88B8B8D1B3}.Release|x86.Build.0 = Release|Win32
		{C7576D7D-1D2F-4EF0-9769-98185A712839}.Debug|x64.ActiveCfg = Debug|x64
		{C7576D7D-1D2F-4EF0-9769-98185A712839}.Debug|x64.Build.0 = Debug|x64
		{C7576D7D-1D2F-4EF0-9769-98185A712839}.Debug|x86.ActiveCfg = Debug|Win32
		{C7576D7D-1D2F-4EF0-9769-98185A712839}.Debug|x86.Build.0 = Debug|Win32
		{C7576D7D-1D2F-4EF0-9769-98185A712839}.Release|x64.ActiveCfg = Release|x64
		{C7576D7D-1D2F-4EF0-9769-98185A712839}.Release|x64.Build.0 = Release|x64
		{C7576D7D-1D2F-4EF0-9769-98185A712839}.Release|x86.ActiveCfg = Release|Win32
		{C7576D7D-1D2F-4EF0-9769-98185A712839}.Release|x86.Build.0 = Release|Win32
		{481D3105-9B54-419A-B2E1-EDB236E608C2}.Debug|x64.ActiveCfg = Debug|x64
		{481D3105-9B54-419A-B2E1-EDB236E608C2}.Debug|x64.Build.0 = Debug|x64
		{481D3105-9B54-419A-B2E1-EDB236E608C2}.Debug|x86.ActiveCfg = Debug|Win32
		{481D3105-9B54-419A-B2E1-EDB236E608C2}.Debug|x86.Build.0 = Debug|Win32
		{481D3105-9B54-419A-B2E1-EDB236E608C2}.Release|x64.ActiveCfg = Release|x64
		{481D3105-9B54-419A-B2E1-EDB236E608C2}.Release|x64.Build.0 = Release|x64
		{481D3105-9B54-419A-B2E1-EDB236E608C2}.Release|x86.ActiveCfg = Release|Win32
		{481D3105-9B54-419A-B2E1-EDB236E608C2}.Release|x86.Build.0 = Release|Win32
		{922A63C7-6E3A-41B3-8069-5D88B669C385}.Debug|x64.ActiveCfg = Debug|x64
		{922A63C7-6E3A-41B3-8069-5D88B669C385}.Debug|x64.Build.0 = Debug|x64
		{922A63C7-6E3A-41B3-8069-5D88B669C385}.Debug|x86.ActiveCfg = Debug|Win32
		{922A63C7-6E3A-41B3-8069-5D88B669C385}.Debug|x86.Build.0 = Debug|Win32
		{922A63C7-6E3A-41B3-8069-5D88B669C385}.Release|x64.ActiveCfg = Release|x64
		{922A63C7-6E3A-41B3-8069-5D88B669C385}.Release|x64.Build.0 = Release|x64
		{922A63C7-6E3A-41B3-8069-5D88B669C385}.Release|x86.ActiveCfg = Release|Win32
		{922A63C7-6E3A-41B3-8069-5D88B669C385}.Release|x86.Build.0 = Release|Win32
		{B3BA594E-65F7-4225-9AF0-5220551CEA45}.Debug|x64.ActiveCfg = Debug|x64
		{B3BA594E-65F7-4225-9AF0-5220551CEA45}.Debug|x64.Build.0 = Debug|x64
		{B3BA594E-65F7-4225-9AF0-5220551CEA45}.Debug|x86.ActiveCfg = Debug|Win32
		{B3BA594E-65F7-4225-9AF0-5220551CEA45}.Debug|x86.Build.0 = Debug|Win32
		{B3BA594E-65F7-4225-9AF0-5220551CEA45}.Release|x64.ActiveCfg = Release|x64
		{B3BA594E-65F7-4225-9AF0-5220551CEA45}.Release|x64.Build.0 = Release|x64
		{B3BA594E-65F7-4225-9AF0-5220551CEA45}.Release|x86.ActiveCfg = Release|Win32
		{B3BA594E-65F7-4225-9AF0-5220551CEA45}.Release|x86.Build.0 = Release|Win32
		{4BB6EB49-CC85-45F5-8F98-F2B95AE33F6A}.Debug|x64.ActiveCfg = Debug|x64
		{4BB6EB49-CC85-45F5-8F98-F2B95AE33F6A}.Debug|x64.Build.0 = Debug|x64
		{4BB6EB49-CC85-45F5-8F98-F2B95AE33F6A}.Debug|x86.ActiveCfg = Debug|Win32
		{4BB6EB49-CC85-45F5-8F98-F2B95AE33F6A}.Debug|x86.Build.0 = Debug|Win32
		{4BB6EB49-CC85-45F5-8F98-F2B95AE33F6A}.Release|x64.ActiveCfg = Release|x64
		{4BB6EB49-CC85-45F5-8F98-F2B95AE33F6A}.Release|x64.Build.0 = Release|x64
		{4BB6EB49-CC85-45F5-8F98-F2B95AE33F6A}.Release|x86.ActiveCfg = Release|Win32
		{4BB6EB49-CC85-45F5-8F98-F2B95AE33F6A}.Release|x86.Build.0 = Release|Win32
		{C054CC56-10C2-49CE-A6BD-6FC0058A3181}.Debug|x64.ActiveCfg = Debug|x64
		{C054CC56-10C2-49CE-A6BD-6FC0058A3181}.Debug|x64.Build.0 = Debug|x64
		{C054CC56-10C2-49CE-A6BD-6FC0058A3181}.Debug|x86.ActiveCfg = Debug|Win32
		{C054CC56-10C2-49CE-A6BD-6FC0058A3181}.Debug|x86.Build.0 = Debug|Win32
		{C054CC56-10C2-49CE-A6BD-6FC0058A3181}.Release|x64.ActiveCfg = Release|x64
		{C054CC56-10C2-49CE-A6BD-6FC0058A3181}.Release|x64.Build.0 = Release|x64
		{C054CC56-10C2-49CE-A6BD-6FC0058A3181}.Release|x86.ActiveCfg = Release|Win32
		{C054CC56-10C2-49CE-A6BD-6FC0058A3181}.Release|x86.Build.0 = Release|Win32
		{57ECC191-D126-4CD7-98AF-191D9D57A848}.Debug|x64.ActiveCfg = Debug|x64
		{57ECC191-D126-4CD7-98AF-191D9D57A848}.Debug|x64.Build.0 = Debug|x64
		{57ECC191-D126-4CD7-98AF-191D9D57A848}.Debug|x86.ActiveCfg = Debug|Win32
		{57ECC191-D126-4CD7-98AF-191D9D57A848}.Debug|x86.Build.0 = Debug|Win32
		{57ECC191-D126-4CD7-98AF-191D9D57A848}.Release|x64.ActiveCfg = Release|x64
		{57ECC191-D126-4CD7-98AF-191D9D57A848}.Release|x64.Build.0 = Release|x64
		{57ECC191-D126-4CD7-98AF-191D9D57A848}.Release|x86.ActiveCfg = Release|Win32
		{57ECC191-D126-4CD7-98AF-191D9D57A848}.Release|x86.Build.0 = Release|Win32
		{8F7FFF7E-CF65-4303-AA04-A6B4570946F4}.Debug|x64.ActiveCfg = Debug|x64
		{8F7FFF7E-CF65-4303-AA04-A6B4570946F4}.Debug|x64.Build.0 = Debug|x64
		{8F7FFF7E-CF65-4303-AA04-A6B4570946F4}.Debug|x86.ActiveCfg = Debug|Win32
		{8F7FFF7E-CF65-4303-AA04-A6B4570946F4}.Debug|x86.Build.0 = Debug|Win32
		{8F7FFF7E-CF65-4303-AA04-A6B4570946F4}.Release|x64.ActiveCfg = Release|x64
		{8F7FFF7E-CF65-4303-AA04-A6B4570946F4}.Release|x64.Build.0 = Release|x64
		{8F7FFF7E-CF65-4303-AA04-A6B4570946F4}.Release|x86.ActiveCfg = Release|Win32
		{8F7FFF7E-CF65-4303-AA04-A6B4570946F4}.Release|x86.Build.0 = Release|Win32
		{C570E32C-DA00-4D16-B0A4-568F0A246A2F}.Debug|x64.ActiveCfg = Debug|x64
		{C570E32C-DA00-4D16-B0A4-568F0A246A2F}.Debug|x64.Build.0 = Debug|x64
		{C570E32C-DA00-4D16-B0A4-568F0A246A2F}.Debug|x86.ActiveCfg = Debug|Win32
		{C570E32C-DA00-4D16-B0A4-568F0A246A2F}.Debug|x86.Build.0 = Debug|Win32
		{C570E32C-DA00-4D16-B0A4-568F0A246A2F}.Release|x64.ActiveCfg = Release|x64
		{C570E32C-DA00-4D16-B0A4-568F0A246A2F}.Release|x64.Build.0 = Release|x64
		{C570E32C-DA00-4D16-B0A4-568F0A246A2F}.Release|x86.ActiveCfg = Release|Win32
		{C570E32C-DA00-4D16-B0A4-568F0A246A2F}.Release|x86.Build.0 = Release|Win32
		{CF001577-6651-4758-918A-30C9D513027B}.Debug|x64.ActiveCfg = Debug|x64
		{CF001577-6651-4758-918A-30C9D513027B}.Debug|x64.Build.0 = Debug|x64
		{CF001577-6651-4758-918A-30C9D513027B}.Debug|x86.ActiveCfg = Debug|Win32
		{CF001577-6651-4758-918A-30C9D513027B}.Debug|x86.Build.0 = Debug|Win32
		{CF001577-6651-4758-918A-30C9D513027B}.Release|x64.ActiveCfg = Release|x64
		{CF001577-6651-4758-918A-30C9D513027B}.Release|x64.Build.0 = Release|x64
		{CF001577-6651-4758-918A-30C9D513027B}.Release|x86.ActiveCfg = Release|Win32
		{CF001577-6651-4758-918A-30C9D513027B}.Release|x86.Build.0 = Release|Win32
		{9C8E308E-6C92-4E60-9D07-7F9744026A22}.Debug|x64.ActiveCfg = Debug|x64
		{9C8E308E-6C92-4E60-9D07-7F9744026A22}.Debug|x64.Build.0 = Debug|x64
		{9C8E308E-6C92-4E60-9D07-7F9744026A22}.Debug|x86.ActiveCfg = Debug|Win32
		{9C8E308E-6C92-4E60-9D07-7F9744026A22}.Debug|x86.Build.0 = Debug|Win32
		{9C8E308E-6C92-4E60-9D07-7F9744026A22}.Release|x64.ActiveCfg = Release|x64
		{9C8E308E-6C92-4E60-9D07-7F9744026A22}.Release|x64.Build.0 = Release|x64
		{9C8E308E-6C92-4E60-9D07-7F9744026A22}.Release|x86.ActiveCfg = Release|Win32
		{9C8E308E-6C92-4E60-9D07-7F9744026A22}.Release|x86.Build.0 = Release|Win32
		{3A19A2CE-DE65-4537-9F67-A28F2CFC92FF}.Debug|x64.ActiveCfg = Debug|x64
		{3A19A2CE-DE65-4537-9F67-A28F2CFC92FF}.Debug|x64.Build.0 = Debug|x64
		{3A19A2CE-DE65-4537-9F67-A28F2CFC92FF}.Debug|x86.ActiveCfg = Debug|Win32
		{3A19A2CE-DE65-4537-9F67-A28F2CFC92FF}.Debug|x86.Build.0 = Debug|Win32
		{3A19A2CE-DE65-4537-9F67-A28F2CFC92FF}.Release|x64.ActiveCfg = Release|x64
		{3A19A2CE-DE65-4537-9F67-A28F2CFC92FF}.Release|x64.Build.0 = Release|x64
		{3A19A2CE-DE65-4537-9F67-A28F2CFC92FF}.Release|x86.ActiveCfg = Release|Win32
		{3A19A2CE-DE65-4537-9F67-A28F2CFC92FF}.Release|x86.Build.0 = Release|Win32
		{9242407A-2C3C-483C-A8C5-4C337696698D}.Debug|x64.ActiveCfg = Debug|x64
		{9242407A-2C3C-483C-A8C5-4C337696698D}.Debug|x64.Build.0 = Debug|x64
		{9242407A-2C3C-483C-A8C5-4C337696698D}.Debug|x86.ActiveCfg = Debug|Win32
		{9242407A-2C3C-483C-A8C5-4C337696698D}.Debug|x86.Build.0 = Debug|Win32
		{9242407A-2C3C-483C-A8C5-4C337696698D}.Release|x64.ActiveCfg = Release|x64
		{9242407A-2C3C-483C-A8C5-4C337696698D}.Release|x64.Build.0 = Release|x64
		{9242407A-2C3C-483C-A8C5-4C337696698D}.Release|x86.ActiveCfg = Release|Win32
		{9242407A-2C3C-483C-A8C5-4C337696698D}.Release|x86.Build.0 = Release|Win32
		{DD5E6169-EF48-4F46-A85E-61548F12DC2B}.Debug|x64.ActiveCfg = Debug|x64
		{DD5E6169-EF48-4F46-A85E-61548F12DC2B}.Debug|x64.Build.0 = Debug|x64
		{DD5E6169-EF48-4F46-A85E-61548F12DC2B}.Debug|x86.ActiveCfg = Debug|Win32
		{DD5E6169-EF48-4F46-A85E-61548F12DC2B}.Debug|x86.Build.0 = Debug|Win32
		{DD5E6169-EF48-4F46-A85E-61548F12DC2B}.Release|x64.ActiveCfg = Release|x64
		{DD5E6169-EF48-4F46-A85E-61548F12DC2B}.Release|x64.Build.0 = Release|x64
		{DD5E6169-EF48-4F46-A85E-61548F12DC2B}.Release|x86.ActiveCfg = Release|Win32
		{DD5E6169-EF48-4F46-A85E-61548F12DC2B}.Release|x86.Build.0 = Release|Win32
		{76EB03E3-0986-4115-B22D-93445FC9C387}.Debug|x64.ActiveCfg = Debug|x64
		{76EB03E3-0986-4115-B22D-93445FC9C387}.Debug|x64.Build.0 = Debug|x64
		{76EB03E3-0986-4115-B22D-93445FC9C387}.Debug|x86.ActiveCfg = Debug|Win32
		{76EB03E3-0986-4115-B22D-93445FC9C387}.Debug|x86.Build.0 = Debug|Win32
		{76EB03E3-0986-4115-B22D-93445FC9C387}.Release|x64.ActiveCfg = Release|x64
		{76EB03E3-0986-4115-B22D-93445FC9C387}.Release|x64.Build.0 = Release|x64
		{76EB03E3-0986-4115-B22D-93445FC9C387}.Release|x86.ActiveCfg = Release|Win32
		{76EB03E3-0986-4115-B22D-93445FC9C387}.Release|x86.Build.0 = Release|Win32
		{1E78A244-C87D-478C-AECD-6715F7C24258}.Debug|x64.ActiveCfg = Debug|x64
		{1E78A244-C87D-478C-AECD-6715F7C24258}.Debug|x64.Build.0 = Debug|x64
		{1E78A244-C87D-478C-AECD-6715F7C24258}.Debug|x86.ActiveCfg = Debug|Win32
		{1E78A244-C87D-478C-AECD-6715F7C24258}.Debug|x86.Build.0 = Debug|Win32
		{1E78A244-C87D-478C-AECD-6715F7C24258}.Release|x64.ActiveCfg = Release|x64
		{1E78A244-C87D-478C-AECD-6715F7C24258}.Release|x64.Build.0 = Release|x64
		{1E78A244-C87D-478C-AECD-6715F7C24258}.Release|x86.ActiveCfg = Release|Win32
		{1E78A244-C87D-478C-AECD-6715F7C24258}.Release|x86.Build.0 = Release|Win32
		{55E5BDD1-5F17-4F5C-B96E-A2B20CE0DA3F}.Debug|x64.ActiveCfg = Debug|x64
		{55E5BDD1-5F17-4F5C-B96E-A2B20CE0DA3F}.Debug|x64.Build.0 = Debug|x64
		{55E5BDD1-5F17-4F5C-B96E-A2B20CE0DA3F}.Debug|x86.ActiveCfg = Debug|Win32
		{55E5BDD1-5F17-4F5C-B96E-A2B20CE0DA3F}.Debug|x86.Build.0 = Debug|Win32
		{55E5BDD1-5F17-4F5C-B96E-A2B20CE0DA3F}.Release|x64.ActiveCfg = Release|x64
		{55E5BDD1-5F17-4F5C-B96E-A2B20CE0DA3F}.Release|x64.Build.0 = Release|x64
		{55E5BDD1-5F17-4F5C-B96E-A2B20CE0DA3F}.Release|x86.ActiveCfg = Release|Win32
		{55E5BDD1-5F17-4F5C-B96E-A2B20CE0DA3F}.Release|x86.Build.0 = Release|Win32
		{FEE3D39A-46AB-4F4F-AF2D-7222E74DB46E}.Debug|x64.ActiveCfg = Debug|x64
		{FEE3D39A-46AB-4F4F-AF2D-7222E74DB46E}.Debug|x64.Build.0 = Debug|x64
		{FEE3D39A-46AB-4F4F-AF2D-7222E74DB46E}.Debug|x86.ActiveCfg = Debug|Win32
		{FEE3D39A-46AB-4F4F-AF2D-7222E74DB46E}.Debug|x86.Build.0 = Debug|Win32
		{FEE3D39A-46AB-4F4F-AF2D-7222E74DB46E}.Release|x64.ActiveCfg = Release|x64
		{FEE3D39A-46AB-4F4F-AF2D-7222E74DB46E}.Release|x64.Build.0 = Release|x64
		{FEE3D39A-46AB-4F4F-AF2D-7222E74DB46E}.Release|x86.ActiveCfg = Release|Win32
		{FEE3D39A-46AB-4F4F-AF2D-7222E74DB46E}.Release|x86.Build.0 = Release|Win32
		{878A6D60-FC67-4580-82FE-7AB572909067}.Debug|x64.ActiveCfg = Debug|x64
		{878A6D60-FC67-4580-82FE-7AB572909067}.Debug|x64.Build.0 = Debug|x64
		{878A6D60-FC67-4580-82FE-7AB572909067}.Debug|x86.ActiveCfg = Debug|Win32
		{878A6D60-FC67-4580-82FE-7AB572909067}.Debug|x86.Build.0 = Debug|Win32
		{878A6D60-FC67-4580-82FE-7AB572909067}.Release|x64.ActiveCfg = Release|x64
		{878A6D60-FC67-4580-82FE-7AB572909067}.Release|x64.Build.0 = Release|x64
		{878A6D60-FC67-4580-82FE-7AB572909067}.Release|x86.ActiveCfg = Release|Win32
		{878A6D60-FC67-4580-82FE-7AB572909067}.Release|x86.Build.0 = Release|Win32
	EndGlobalSection
	GlobalSection(SolutionProperties) = preSolution
		HideSolutionNode = FALSE
	EndGlobalSection
	GlobalSection(ExtensibilityGlobals) = postSolution
		SolutionGuid = {AC6AB9CE-08BC-4292-B8AB-391A36415D0F}
	EndGlobalSection
EndGlobal
